
Microsoft Visual Studio Solution File, Format Version 12.00
# Visual Studio Version 16
VisualStudioVersion = 16.0.32106.194
MinimumVisualStudioVersion = 10.0.40219.1
Project("{FAE04EC0-301F-11D3-BF4B-00C04F79EFBC}") = "TextBaseratSpelTe20D", "TextBaseratSpelTe20D\TextBaseratSpelTe20D.csproj", "{BCA44538-8536-4E54-AB29-242A35757546}"
EndProject
Global
	GlobalSection(SolutionConfigurationPlatforms) = preSolution
		Debug|Any CPU = Debug|Any CPU
		Release|Any CPU = Release|Any CPU
	EndGlobalSection
	GlobalSection(ProjectConfigurationPlatforms) = postSolution
		{BCA44538-8536-4E54-AB29-242A35757546}.Debug|Any CPU.ActiveCfg = Debug|Any CPU
		{BCA44538-8536-4E54-AB29-242A35757546}.Debug|Any CPU.Build.0 = Debug|Any CPU
		{BCA44538-8536-4E54-AB29-242A35757546}.Release|Any CPU.ActiveCfg = Release|Any CPU
		{BCA44538-8536-4E54-AB29-242A35757546}.Release|Any CPU.Build.0 = Release|Any CPU
	EndGlobalSection
	GlobalSection(SolutionProperties) = preSolution
		HideSolutionNode = FALSE
	EndGlobalSection
	GlobalSection(ExtensibilityGlobals) = postSolution
		SolutionGuid = {67D15C8C-BBFD-4456-8DAD-2A5BFB06A972}
	EndGlobalSection
EndGlobal
